
Microsoft Visual Studio Solution File, Format Version 12.00
# Visual Studio 14
VisualStudioVersion = 14.0.25420.1
MinimumVisualStudioVersion = 10.0.40219.1
Project("{FAE04EC0-301F-11D3-BF4B-00C04F79EFBC}") = "WebApplication1", "WebApplication1\WebApplication1.csproj", "{9DCFF27E-FEAA-4D2D-8F21-AA1B3A43A5D0}"
EndProject
Project("{FAE04EC0-301F-11D3-BF4B-00C04F79EFBC}") = "WebApplication1.Tests", "WebApplication1.Tests\WebApplication1.Tests.csproj", "{F5682E65-4390-4943-91F8-53229FB1D700}"
EndProject
Global
	GlobalSection(SolutionConfigurationPlatforms) = preSolution
		Debug|Any CPU = Debug|Any CPU
		Release|Any CPU = Release|Any CPU
	EndGlobalSection
	GlobalSection(ProjectConfigurationPlatforms) = postSolution
		{9DCFF27E-FEAA-4D2D-8F21-AA1B3A43A5D0}.Debug|Any CPU.ActiveCfg = Debug|Any CPU
		{9DCFF27E-FEAA-4D2D-8F21-AA1B3A43A5D0}.Debug|Any CPU.Build.0 = Debug|Any CPU
		{9DCFF27E-FEAA-4D2D-8F21-AA1B3A43A5D0}.Release|Any CPU.ActiveCfg = Release|Any CPU
		{9DCFF27E-FEAA-4D2D-8F21-AA1B3A43A5D0}.Release|Any CPU.Build.0 = Release|Any CPU
		{F5682E65-4390-4943-91F8-53229FB1D700}.Debug|Any CPU.ActiveCfg = Debug|Any CPU
		{F5682E65-4390-4943-91F8-53229FB1D700}.Debug|Any CPU.Build.0 = Debug|Any CPU
		{F5682E65-4390-4943-91F8-53229FB1D700}.Release|Any CPU.ActiveCfg = Release|Any CPU
		{F5682E65-4390-4943-91F8-53229FB1D700}.Release|Any CPU.Build.0 = Release|Any CPU
	EndGlobalSection
	GlobalSection(SolutionProperties) = preSolution
		HideSolutionNode = FALSE
	EndGlobalSection
EndGlobal
